PODS:
  - APESuperHUD (1.1.2)
  - RAMPaperSwitch (2.0.5)
  - ReactiveCocoa (5.0.3):
    - ReactiveSwift (~> 1.1)
  - ReactiveSwift (1.1.3):
    - Result (~> 3.2)
  - Result (3.2.1)

DEPENDENCIES:
  - APESuperHUD (~> 1.1)
  - RAMPaperSwitch (~> 2.0.3)
  - ReactiveCocoa (~> 5.0.0)
  - ReactiveSwift (~> 1.1)

SPEC CHECKSUMS:
  APESuperHUD: 9c7ea17cea21b4a9212f1c43810b0c8b9ee585a6
  RAMPaperSwitch: 8e547186be122e858aa060596708f0dcbfe7593f
  ReactiveCocoa: 066a855f613fb72f68258771095805fdb10312d2
  ReactiveSwift: f54ba12c2e799003432930fa55495315ae44f32b
  Result: 2453a22e5c5b11c0c3a478736e82cd02f763b781

PODFILE CHECKSUM: 6b1e34a5b98bca82ade1a9025315f783591b0c21

COCOAPODS: 1.1.1
